// !$*UTF8*$!
{
	archiveVersion = 1;
	classes = {
	};
	objectVersion = 56;
	objects = {

/* Begin PBXBuildFile section */
		680ADECB2C74AEA6006796AC /* AppDelegate.swift in Sources */ = {isa = PBXBuildFile; fileRef = 680ADECA2C74AEA6006796AC /* AppDelegate.swift */; };
		680ADECD2C74AEA6006796AC /* SceneDelegate.swift in Sources */ = {isa = PBXBuildFile; fileRef = 680ADECC2C74AEA6006796AC /* SceneDelegate.swift */; };
		680ADECF2C74AEA6006796AC /* CategoryViewController.swift in Sources */ = {isa = PBXBuildFile; fileRef = 680ADECE2C74AEA6006796AC /* CategoryViewController.swift */; };
		680ADED42C74AEA8006796AC /* Assets.xcassets in Resources */ = {isa = PBXBuildFile; fileRef = 680ADED32C74AEA8006796AC /* Assets.xcassets */; };
		680ADED72C74AEA8006796AC /* Base in Resources */ = {isa = PBXBuildFile; fileRef = 680ADED62C74AEA8006796AC /* Base */; };
		680ADEE02C74AF99006796AC /* CategoryView.swift in Sources */ = {isa = PBXBuildFile; fileRef = 680ADEDF2C74AF99006796AC /* CategoryView.swift */; };
		680ADEE32C74B05C006796AC /* CocktailDataModel.swift in Sources */ = {isa = PBXBuildFile; fileRef = 680ADEE22C74B05C006796AC /* CocktailDataModel.swift */; };
		680ADEE62C74B54F006796AC /* CocktailService.swift in Sources */ = {isa = PBXBuildFile; fileRef = 680ADEE52C74B54F006796AC /* CocktailService.swift */; };
		680ADEE92C74B964006796AC /* Kingfisher in Frameworks */ = {isa = PBXBuildFile; productRef = 680ADEE82C74B964006796AC /* Kingfisher */; };
		680ADEEB2C74BC8D006796AC /* CoctailCollectionViewCell.swift in Sources */ = {isa = PBXBuildFile; fileRef = 680ADEEA2C74BC8D006796AC /* CoctailCollectionViewCell.swift */; };
		680ADEED2C74BC9D006796AC /* UICollectionViewCell+Extension.swift in Sources */ = {isa = PBXBuildFile; fileRef = 680ADEEC2C74BC9D006796AC /* UICollectionViewCell+Extension.swift */; };
		680ADEEF2C74CD0E006796AC /* CocktailsViewController.swift in Sources */ = {isa = PBXBuildFile; fileRef = 680ADEEE2C74CD0E006796AC /* CocktailsViewController.swift */; };
		680ADEF12C74CD47006796AC /* CocktailView.swift in Sources */ = {isa = PBXBuildFile; fileRef = 680ADEF02C74CD47006796AC /* CocktailView.swift */; };
		680ADEF32C74CE14006796AC /* CategoryTableViewCell.swift in Sources */ = {isa = PBXBuildFile; fileRef = 680ADEF22C74CE14006796AC /* CategoryTableViewCell.swift */; };
		680ADEF52C74CF0C006796AC /* UITableViewCell+Extension.swift in Sources */ = {isa = PBXBuildFile; fileRef = 680ADEF42C74CF0C006796AC /* UITableViewCell+Extension.swift */; };
		6827FAEE2C75022900D2ADF5 /* CocktailInfoViewController.swift in Sources */ = {isa = PBXBuildFile; fileRef = 6827FAED2C75022900D2ADF5 /* CocktailInfoViewController.swift */; };
		6827FAF02C75023400D2ADF5 /* CocktailInfoView.swift in Sources */ = {isa = PBXBuildFile; fileRef = 6827FAEF2C75023400D2ADF5 /* CocktailInfoView.swift */; };
/* End PBXBuildFile section */

/* Begin PBXFileReference section */
		680ADEC72C74AEA6006796AC /* CocktailGuide.app */ = {isa = PBXFileReference; explicitFileType = wrapper.application; includeInIndex = 0; path = CocktailGuide.app; sourceTree = BUILT_PRODUCTS_DIR; };
		680ADECA2C74AEA6006796AC /* AppDelegate.swift */ = {isa = PBXFileReference; lastKnownFileType = sourcecode.swift; path = AppDelegate.swift; sourceTree = "<group>"; };
		680ADECC2C74AEA6006796AC /* SceneDelegate.swift */ = {isa = PBXFileReference; lastKnownFileType = sourcecode.swift; path = SceneDelegate.swift; sourceTree = "<group>"; };
		680ADECE2C74AEA6006796AC /* CategoryViewController.swift */ = {isa = PBXFileReference; lastKnownFileType = sourcecode.swift; path = CategoryViewController.swift; sourceTree = "<group>"; };
		680ADED32C74AEA8006796AC /* Assets.xcassets */ = {isa = PBXFileReference; lastKnownFileType = folder.assetcatalog; path = Assets.xcassets; sourceTree = "<group>"; };
		680ADED62C74AEA8006796AC /* Base */ = {isa = PBXFileReference; lastKnownFileType = file.storyboard; name = Base; path = Base.lproj/LaunchScreen.storyboard; sourceTree = "<group>"; };
		680ADED82C74AEA8006796AC /* Info.plist */ = {isa = PBXFileReference; lastKnownFileType = text.plist.xml; path = Info.plist; sourceTree = "<group>"; };
		680ADEDF2C74AF99006796AC /* CategoryView.swift */ = {isa = PBXFileReference; lastKnownFileType = sourcecode.swift; path = CategoryView.swift; sourceTree = "<group>"; };
		680ADEE22C74B05C006796AC /* CocktailDataModel.swift */ = {isa = PBXFileReference; lastKnownFileType = sourcecode.swift; path = CocktailDataModel.swift; sourceTree = "<group>"; };
		680ADEE52C74B54F006796AC /* CocktailService.swift */ = {isa = PBXFileReference; lastKnownFileType = sourcecode.swift; path = CocktailService.swift; sourceTree = "<group>"; };
		680ADEEA2C74BC8D006796AC /* CoctailCollectionViewCell.swift */ = {isa = PBXFileReference; lastKnownFileType = sourcecode.swift; path = CoctailCollectionViewCell.swift; sourceTree = "<group>"; };
		680ADEEC2C74BC9D006796AC /* UICollectionViewCell+Extension.swift */ = {isa = PBXFileReference; lastKnownFileType = sourcecode.swift; path = "UICollectionViewCell+Extension.swift"; sourceTree = "<group>"; };
		680ADEEE2C74CD0E006796AC /* CocktailsViewController.swift */ = {isa = PBXFileReference; lastKnownFileType = sourcecode.swift; path = CocktailsViewController.swift; sourceTree = "<group>"; };
		680ADEF02C74CD47006796AC /* CocktailView.swift */ = {isa = PBXFileReference; lastKnownFileType = sourcecode.swift; path = CocktailView.swift; sourceTree = "<group>"; };
		680ADEF22C74CE14006796AC /* CategoryTableViewCell.swift */ = {isa = PBXFileReference; lastKnownFileType = sourcecode.swift; path = CategoryTableViewCell.swift; sourceTree = "<group>"; };
		680ADEF42C74CF0C006796AC /* UITableViewCell+Extension.swift */ = {isa = PBXFileReference; lastKnownFileType = sourcecode.swift; path = "UITableViewCell+Extension.swift"; sourceTree = "<group>"; };
		6827FAED2C75022900D2ADF5 /* CocktailInfoViewController.swift */ = {isa = PBXFileReference; lastKnownFileType = sourcecode.swift; path = CocktailInfoViewController.swift; sourceTree = "<group>"; };
		6827FAEF2C75023400D2ADF5 /* CocktailInfoView.swift */ = {isa = PBXFileReference; lastKnownFileType = sourcecode.swift; path = CocktailInfoView.swift; sourceTree = "<group>"; };
/* End PBXFileReference section */

/* Begin PBXFrameworksBuildPhase section */
		680ADEC42C74AEA6006796AC /* Frameworks */ = {
			isa = PBXFrameworksBuildPhase;
			buildActionMask = 2147483647;
			files = (
				680ADEE92C74B964006796AC /* Kingfisher in Frameworks */,
			);
			runOnlyForDeploymentPostprocessing = 0;
		};
/* End PBXFrameworksBuildPhase section */

/* Begin PBXGroup section */
		680ADEBE2C74AEA6006796AC = {
			isa = PBXGroup;
			children = (
				680ADEC92C74AEA6006796AC /* CocktailGuide */,
				680ADEC82C74AEA6006796AC /* Products */,
			);
			sourceTree = "<group>";
		};
		680ADEC82C74AEA6006796AC /* Products */ = {
			isa = PBXGroup;
			children = (
				680ADEC72C74AEA6006796AC /* CocktailGuide.app */,
			);
			name = Products;
			sourceTree = "<group>";
		};
		680ADEC92C74AEA6006796AC /* CocktailGuide */ = {
			isa = PBXGroup;
			children = (
				680ADEDE2C74AF50006796AC /* Core */,
				680ADEE42C74B540006796AC /* Model */,
				680ADEF62C74CF9F006796AC /* CategoriesScreen */,
				680ADEF72C74D0B8006796AC /* CocktailsScreen */,
				6827FAF12C75023B00D2ADF5 /* CocktailInfoScreen */,
				680ADEE12C74B040006796AC /* Appearence */,
			);
			path = CocktailGuide;
			sourceTree = "<group>";
		};
		680ADEDE2C74AF50006796AC /* Core */ = {
			isa = PBXGroup;
			children = (
				680ADECA2C74AEA6006796AC /* AppDelegate.swift */,
				680ADECC2C74AEA6006796AC /* SceneDelegate.swift */,
				680ADED82C74AEA8006796AC /* Info.plist */,
			);
			path = Core;
			sourceTree = "<group>";
		};
		680ADEE12C74B040006796AC /* Appearence */ = {
			isa = PBXGroup;
			children = (
				680ADED32C74AEA8006796AC /* Assets.xcassets */,
				680ADED52C74AEA8006796AC /* LaunchScreen.storyboard */,
			);
			path = Appearence;
			sourceTree = "<group>";
		};
		680ADEE42C74B540006796AC /* Model */ = {
			isa = PBXGroup;
			children = (
				680ADEE22C74B05C006796AC /* CocktailDataModel.swift */,
				680ADEE52C74B54F006796AC /* CocktailService.swift */,
				680ADEF82C74D2FB006796AC /* Extensions */,
			);
			path = Model;
			sourceTree = "<group>";
		};
		680ADEF62C74CF9F006796AC /* CategoriesScreen */ = {
			isa = PBXGroup;
			children = (
				680ADECE2C74AEA6006796AC /* CategoryViewController.swift */,
				680ADEDF2C74AF99006796AC /* CategoryView.swift */,
				680ADEF22C74CE14006796AC /* CategoryTableViewCell.swift */,
			);
			path = CategoriesScreen;
			sourceTree = "<group>";
		};
		680ADEF72C74D0B8006796AC /* CocktailsScreen */ = {
			isa = PBXGroup;
			children = (
				680ADEF02C74CD47006796AC /* CocktailView.swift */,
				680ADEEE2C74CD0E006796AC /* CocktailsViewController.swift */,
				680ADEEA2C74BC8D006796AC /* CoctailCollectionViewCell.swift */,
			);
			path = CocktailsScreen;
			sourceTree = "<group>";
		};
		680ADEF82C74D2FB006796AC /* Extensions */ = {
			isa = PBXGroup;
			children = (
				680ADEEC2C74BC9D006796AC /* UICollectionViewCell+Extension.swift */,
				680ADEF42C74CF0C006796AC /* UITableViewCell+Extension.swift */,
			);
			path = Extensions;
			sourceTree = "<group>";
		};
		6827FAF12C75023B00D2ADF5 /* CocktailInfoScreen */ = {
			isa = PBXGroup;
			children = (
				6827FAED2C75022900D2ADF5 /* CocktailInfoViewController.swift */,
				6827FAEF2C75023400D2ADF5 /* CocktailInfoView.swift */,
			);
			path = CocktailInfoScreen;
			sourceTree = "<group>";
		};
/* End PBXGroup section */

/* Begin PBXNativeTarget section */
		680ADEC62C74AEA6006796AC /* CocktailGuide */ = {
			isa = PBXNativeTarget;
			buildConfigurationList = 680ADEDB2C74AEA8006796AC /* Build configuration list for PBXNativeTarget "CocktailGuide" */;
			buildPhases = (
				680ADEC32C74AEA6006796AC /* Sources */,
				680ADEC42C74AEA6006796AC /* Frameworks */,
				680ADEC52C74AEA6006796AC /* Resources */,
			);
			buildRules = (
			);
			dependencies = (
			);
			name = CocktailGuide;
			packageProductDependencies = (
				680ADEE82C74B964006796AC /* Kingfisher */,
			);
			productName = CocktailGuide;
			productReference = 680ADEC72C74AEA6006796AC /* CocktailGuide.app */;
			productType = "com.apple.product-type.application";
		};
/* End PBXNativeTarget section */

/* Begin PBXProject section */
		680ADEBF2C74AEA6006796AC /* Project object */ = {
			isa = PBXProject;
			attributes = {
				BuildIndependentTargetsInParallel = 1;
				LastSwiftUpdateCheck = 1540;
				LastUpgradeCheck = 1540;
				TargetAttributes = {
					680ADEC62C74AEA6006796AC = {
						CreatedOnToolsVersion = 15.4;
					};
				};
			};
			buildConfigurationList = 680ADEC22C74AEA6006796AC /* Build configuration list for PBXProject "CocktailGuide" */;
			compatibilityVersion = "Xcode 14.0";
			developmentRegion = en;
			hasScannedForEncodings = 0;
			knownRegions = (
				en,
				Base,
			);
			mainGroup = 680ADEBE2C74AEA6006796AC;
			packageReferences = (
				680ADEE72C74B963006796AC /* XCRemoteSwiftPackageReference "Kingfisher" */,
			);
			productRefGroup = 680ADEC82C74AEA6006796AC /* Products */;
			projectDirPath = "";
			projectRoot = "";
			targets = (
				680ADEC62C74AEA6006796AC /* CocktailGuide */,
			);
		};
/* End PBXProject section */

/* Begin PBXResourcesBuildPhase section */
		680ADEC52C74AEA6006796AC /* Resources */ = {
			isa = PBXResourcesBuildPhase;
			buildActionMask = 2147483647;
			files = (
				680ADED42C74AEA8006796AC /* Assets.xcassets in Resources */,
				680ADED72C74AEA8006796AC /* Base in Resources */,
			);
			runOnlyForDeploymentPostprocessing = 0;
		};
/* End PBXResourcesBuildPhase section */

/* Begin PBXSourcesBuildPhase section */
		680ADEC32C74AEA6006796AC /* Sources */ = {
			isa = PBXSourcesBuildPhase;
			buildActionMask = 2147483647;
			files = (
				680ADEEB2C74BC8D006796AC /* CoctailCollectionViewCell.swift in Sources */,
				680ADEE32C74B05C006796AC /* CocktailDataModel.swift in Sources */,
				680ADEF12C74CD47006796AC /* CocktailView.swift in Sources */,
				680ADEEF2C74CD0E006796AC /* CocktailsViewController.swift in Sources */,
				680ADECF2C74AEA6006796AC /* CategoryViewController.swift in Sources */,
				680ADEE02C74AF99006796AC /* CategoryView.swift in Sources */,
				680ADEF32C74CE14006796AC /* CategoryTableViewCell.swift in Sources */,
				680ADEF52C74CF0C006796AC /* UITableViewCell+Extension.swift in Sources */,
				6827FAF02C75023400D2ADF5 /* CocktailInfoView.swift in Sources */,
				680ADEED2C74BC9D006796AC /* UICollectionViewCell+Extension.swift in Sources */,
				680ADECB2C74AEA6006796AC /* AppDelegate.swift in Sources */,
				680ADECD2C74AEA6006796AC /* SceneDelegate.swift in Sources */,
				6827FAEE2C75022900D2ADF5 /* CocktailInfoViewController.swift in Sources */,
				680ADEE62C74B54F006796AC /* CocktailService.swift in Sources */,
			);
			runOnlyForDeploymentPostprocessing = 0;
		};
/* End PBXSourcesBuildPhase section */

/* Begin PBXVariantGroup section */
		680ADED52C74AEA8006796AC /* LaunchScreen.storyboard */ = {
			isa = PBXVariantGroup;
			children = (
				680ADED62C74AEA8006796AC /* Base */,
			);
			name = LaunchScreen.storyboard;
			sourceTree = "<group>";
		};
/* End PBXVariantGroup section */

/* Begin XCBuildConfiguration section */
		680ADED92C74AEA8006796AC /* Debug */ = {
			isa = XCBuildConfiguration;
			buildSettings = {
				ALWAYS_SEARCH_USER_PATHS = NO;
				ASSETCATALOG_COMPILER_GENERATE_SWIFT_ASSET_SYMBOL_EXTENSIONS = YES;
				CLANG_ANALYZER_NONNULL = YES;
				CLANG_ANALYZER_NUMBER_OBJECT_CONVERSION = YES_AGGRESSIVE;
				CLANG_CXX_LANGUAGE_STANDARD = "gnu++20";
				CLANG_ENABLE_MODULES = YES;
				CLANG_ENABLE_OBJC_ARC = YES;
				CLANG_ENABLE_OBJC_WEAK = YES;
				CLANG_WARN_BLOCK_CAPTURE_AUTORELEASING = YES;
				CLANG_WARN_BOOL_CONVERSION = YES;
				CLANG_WARN_COMMA = YES;
				CLANG_WARN_CONSTANT_CONVERSION = YES;
				CLANG_WARN_DEPRECATED_OBJC_IMPLEMENTATIONS = YES;
				CLANG_WARN_DIRECT_OBJC_ISA_USAGE = YES_ERROR;
				CLANG_WARN_DOCUMENTATION_COMMENTS = YES;
				CLANG_WARN_EMPTY_BODY = YES;
				CLANG_WARN_ENUM_CONVERSION = YES;
				CLANG_WARN_INFINITE_RECURSION = YES;
				CLANG_WARN_INT_CONVERSION = YES;
				CLANG_WARN_NON_LITERAL_NULL_CONVERSION = YES;
				CLANG_WARN_OBJC_IMPLICIT_RETAIN_SELF = YES;
				CLANG_WARN_OBJC_LITERAL_CONVERSION = YES;
				CLANG_WARN_OBJC_ROOT_CLASS = YES_ERROR;
				CLANG_WARN_QUOTED_INCLUDE_IN_FRAMEWORK_HEADER = YES;
				CLANG_WARN_RANGE_LOOP_ANALYSIS = YES;
				CLANG_WARN_STRICT_PROTOTYPES = YES;
				CLANG_WARN_SUSPICIOUS_MOVE = YES;
				CLANG_WARN_UNGUARDED_AVAILABILITY = YES_AGGRESSIVE;
				CLANG_WARN_UNREACHABLE_CODE = YES;
				CLANG_WARN__DUPLICATE_METHOD_MATCH = YES;
				COPY_PHASE_STRIP = NO;
				DEBUG_INFORMATION_FORMAT = dwarf;
				ENABLE_STRICT_OBJC_MSGSEND = YES;
				ENABLE_TESTABILITY = YES;
				ENABLE_USER_SCRIPT_SANDBOXING = YES;
				GCC_C_LANGUAGE_STANDARD = gnu17;
				GCC_DYNAMIC_NO_PIC = NO;
				GCC_NO_COMMON_BLOCKS = YES;
				GCC_OPTIMIZATION_LEVEL = 0;
				GCC_PREPROCESSOR_DEFINITIONS = (
					"DEBUG=1",
					"$(inherited)",
				);
				GCC_WARN_64_TO_32_BIT_CONVERSION = YES;
				GCC_WARN_ABOUT_RETURN_TYPE = YES_ERROR;
				GCC_WARN_UNDECLARED_SELECTOR = YES;
				GCC_WARN_UNINITIALIZED_AUTOS = YES_AGGRESSIVE;
				GCC_WARN_UNUSED_FUNCTION = YES;
				GCC_WARN_UNUSED_VARIABLE = YES;
				IPHONEOS_DEPLOYMENT_TARGET = 15.0;
				LOCALIZATION_PREFERS_STRING_CATALOGS = YES;
				MTL_ENABLE_DEBUG_INFO = INCLUDE_SOURCE;
				MTL_FAST_MATH = YES;
				ONLY_ACTIVE_ARCH = YES;
				SDKROOT = iphoneos;
				SWIFT_ACTIVE_COMPILATION_CONDITIONS = "DEBUG $(inherited)";
				SWIFT_OPTIMIZATION_LEVEL = "-Onone";
			};
			name = Debug;
		};
		680ADEDA2C74AEA8006796AC /* Release */ = {
			isa = XCBuildConfiguration;
			buildSettings = {
				ALWAYS_SEARCH_USER_PATHS = NO;
				ASSETCATALOG_COMPILER_GENERATE_SWIFT_ASSET_SYMBOL_EXTENSIONS = YES;
				CLANG_ANALYZER_NONNULL = YES;
				CLANG_ANALYZER_NUMBER_OBJECT_CONVERSION = YES_AGGRESSIVE;
				CLANG_CXX_LANGUAGE_STANDARD = "gnu++20";
				CLANG_ENABLE_MODULES = YES;
				CLANG_ENABLE_OBJC_ARC = YES;
				CLANG_ENABLE_OBJC_WEAK = YES;
				CLANG_WARN_BLOCK_CAPTURE_AUTORELEASING = YES;
				CLANG_WARN_BOOL_CONVERSION = YES;
				CLANG_WARN_COMMA = YES;
				CLANG_WARN_CONSTANT_CONVERSION = YES;
				CLANG_WARN_DEPRECATED_OBJC_IMPLEMENTATIONS = YES;
				CLANG_WARN_DIRECT_OBJC_ISA_USAGE = YES_ERROR;
				CLANG_WARN_DOCUMENTATION_COMMENTS = YES;
				CLANG_WARN_EMPTY_BODY = YES;
				CLANG_WARN_ENUM_CONVERSION = YES;
				CLANG_WARN_INFINITE_RECURSION = YES;
				CLANG_WARN_INT_CONVERSION = YES;
				CLANG_WARN_NON_LITERAL_NULL_CONVERSION = YES;
				CLANG_WARN_OBJC_IMPLICIT_RETAIN_SELF = YES;
				CLANG_WARN_OBJC_LITERAL_CONVERSION = YES;
				CLANG_WARN_OBJC_ROOT_CLASS = YES_ERROR;
				CLANG_WARN_QUOTED_INCLUDE_IN_FRAMEWORK_HEADER = YES;
				CLANG_WARN_RANGE_LOOP_ANALYSIS = YES;
				CLANG_WARN_STRICT_PROTOTYPES = YES;
				CLANG_WARN_SUSPICIOUS_MOVE = YES;
				CLANG_WARN_UNGUARDED_AVAILABILITY = YES_AGGRESSIVE;
				CLANG_WARN_UNREACHABLE_CODE = YES;
				CLANG_WARN__DUPLICATE_METHOD_MATCH = YES;
				COPY_PHASE_STRIP = NO;
				DEBUG_INFORMATION_FORMAT = "dwarf-with-dsym";
				ENABLE_NS_ASSERTIONS = NO;
				ENABLE_STRICT_OBJC_MSGSEND = YES;
				ENABLE_USER_SCRIPT_SANDBOXING = YES;
				GCC_C_LANGUAGE_STANDARD = gnu17;
				GCC_NO_COMMON_BLOCKS = YES;
				GCC_WARN_64_TO_32_BIT_CONVERSION = YES;
				GCC_WARN_ABOUT_RETURN_TYPE = YES_ERROR;
				GCC_WARN_UNDECLARED_SELECTOR = YES;
				GCC_WARN_UNINITIALIZED_AUTOS = YES_AGGRESSIVE;
				GCC_WARN_UNUSED_FUNCTION = YES;
				GCC_WARN_UNUSED_VARIABLE = YES;
				IPHONEOS_DEPLOYMENT_TARGET = 15.0;
				LOCALIZATION_PREFERS_STRING_CATALOGS = YES;
				MTL_ENABLE_DEBUG_INFO = NO;
				MTL_FAST_MATH = YES;
				SDKROOT = iphoneos;
				SWIFT_COMPILATION_MODE = wholemodule;
				VALIDATE_PRODUCT = YES;
			};
			name = Release;
		};
		680ADEDC2C74AEA8006796AC /* Debug */ = {
			isa = XCBuildConfiguration;
			buildSettings = {
				ASSETCATALOG_COMPILER_APPICON_NAME = AppIcon;
				ASSETCATALOG_COMPILER_GLOBAL_ACCENT_COLOR_NAME = AccentColor;
				CODE_SIGN_STYLE = Automatic;
				CURRENT_PROJECT_VERSION = 1;
				GENERATE_INFOPLIST_FILE = YES;
				INFOPLIST_FILE = CocktailGuide/Core/Info.plist;
				INFOPLIST_KEY_UIApplicationSupportsIndirectInputEvents = YES;
				INFOPLIST_KEY_UILaunchStoryboardName = LaunchScreen;
				INFOPLIST_KEY_UISupportedInterfaceOrientations = UIInterfaceOrientationPortrait;
				INFOPLIST_KEY_UISupportedInterfaceOrientations_iPad = "UIInterfaceOrientationLandscapeLeft UIInterfaceOrientationLandscapeRight UIInterfaceOrientationPortrait UIInterfaceOrientationPortraitUpsideDown";
				IPHONEOS_DEPLOYMENT_TARGET = 15.0;
				LD_RUNPATH_SEARCH_PATHS = (
					"$(inherited)",
					"@executable_path/Frameworks",
				);
				MARKETING_VERSION = 1.0;
				PRODUCT_BUNDLE_IDENTIFIER = deluxesss.CocktailGuide;
				PRODUCT_NAME = "$(TARGET_NAME)";
				SUPPORTED_PLATFORMS = "iphoneos iphonesimulator";
				SUPPORTS_MACCATALYST = NO;
				SUPPORTS_MAC_DESIGNED_FOR_IPHONE_IPAD = NO;
				SUPPORTS_XR_DESIGNED_FOR_IPHONE_IPAD = NO;
				SWIFT_EMIT_LOC_STRINGS = YES;
				SWIFT_VERSION = 5.0;
				TARGETED_DEVICE_FAMILY = 1;
			};
			name = Debug;
		};
		680ADEDD2C74AEA8006796AC /* Release */ = {
			isa = XCBuildConfiguration;
			buildSettings = {
				ASSETCATALOG_COMPILER_APPICON_NAME = AppIcon;
				ASSETCATALOG_COMPILER_GLOBAL_ACCENT_COLOR_NAME = AccentColor;
				CODE_SIGN_STYLE = Automatic;
				CURRENT_PROJECT_VERSION = 1;
				GENERATE_INFOPLIST_FILE = YES;
				INFOPLIST_FILE = CocktailGuide/Core/Info.plist;
				INFOPLIST_KEY_UIApplicationSupportsIndirectInputEvents = YES;
				INFOPLIST_KEY_UILaunchStoryboardName = LaunchScreen;
				INFOPLIST_KEY_UISupportedInterfaceOrientations = UIInterfaceOrientationPortrait;
				INFOPLIST_KEY_UISupportedInterfaceOrientations_iPad = "UIInterfaceOrientationLandscapeLeft UIInterfaceOrientationLandscapeRight UIInterfaceOrientationPortrait UIInterfaceOrientationPortraitUpsideDown";
				IPHONEOS_DEPLOYMENT_TARGET = 15.0;
				LD_RUNPATH_SEARCH_PATHS = (
					"$(inherited)",
					"@executable_path/Frameworks",
				);
				MARKETING_VERSION = 1.0;
				PRODUCT_BUNDLE_IDENTIFIER = deluxesss.CocktailGuide;
				PRODUCT_NAME = "$(TARGET_NAME)";
				SUPPORTED_PLATFORMS = "iphoneos iphonesimulator";
				SUPPORTS_MACCATALYST = NO;
				SUPPORTS_MAC_DESIGNED_FOR_IPHONE_IPAD = NO;
				SUPPORTS_XR_DESIGNED_FOR_IPHONE_IPAD = NO;
				SWIFT_EMIT_LOC_STRINGS = YES;
				SWIFT_VERSION = 5.0;
				TARGETED_DEVICE_FAMILY = 1;
			};
			name = Release;
		};
/* End XCBuildConfiguration section */

/* Begin XCConfigurationList section */
		680ADEC22C74AEA6006796AC /* Build configuration list for PBXProject "CocktailGuide" */ = {
			isa = XCConfigurationList;
			buildConfigurations = (
				680ADED92C74AEA8006796AC /* Debug */,
				680ADEDA2C74AEA8006796AC /* Release */,
			);
			defaultConfigurationIsVisible = 0;
			defaultConfigurationName = Release;
		};
		680ADEDB2C74AEA8006796AC /* Build configuration list for PBXNativeTarget "CocktailGuide" */ = {
			isa = XCConfigurationList;
			buildConfigurations = (
				680ADEDC2C74AEA8006796AC /* Debug */,
				680ADEDD2C74AEA8006796AC /* Release */,
			);
			defaultConfigurationIsVisible = 0;
			defaultConfigurationName = Release;
		};
/* End XCConfigurationList section */

/* Begin XCRemoteSwiftPackageReference section */
		680ADEE72C74B963006796AC /* XCRemoteSwiftPackageReference "Kingfisher" */ = {
			isa = XCRemoteSwiftPackageReference;
			repositoryURL = "https://github.com/onevcat/Kingfisher.git";
			requirement = {
				kind = upToNextMajorVersion;
				minimumVersion = 7.12.0;
			};
		};
/* End XCRemoteSwiftPackageReference section */

/* Begin XCSwiftPackageProductDependency section */
		680ADEE82C74B964006796AC /* Kingfisher */ = {
			isa = XCSwiftPackageProductDependency;
			package = 680ADEE72C74B963006796AC /* XCRemoteSwiftPackageReference "Kingfisher" */;
			productName = Kingfisher;
		};
/* End XCSwiftPackageProductDependency section */
	};
	rootObject = 680ADEBF2C74AEA6006796AC /* Project object */;
}
